// !$*UTF8*$!
{
	archiveVersion = 1;
	classes = {
	};
	objectVersion = 47;
	objects = {

/* Begin PBXBuildFile section */
		390102DD1E1C03B100AF6DEA /* DateFormatter+format.swift in Sources */ = {isa = PBXBuildFile; fileRef = 390102DC1E1C03B100AF6DEA /* DateFormatter+format.swift */; };
		390102DE1E1C03B100AF6DEA /* DateFormatter+format.swift in Sources */ = {isa = PBXBuildFile; fileRef = 390102DC1E1C03B100AF6DEA /* DateFormatter+format.swift */; };
		390102DF1E1C03B100AF6DEA /* DateFormatter+format.swift in Sources */ = {isa = PBXBuildFile; fileRef = 390102DC1E1C03B100AF6DEA /* DateFormatter+format.swift */; };
		390102E01E1C03B100AF6DEA /* DateFormatter+format.swift in Sources */ = {isa = PBXBuildFile; fileRef = 390102DC1E1C03B100AF6DEA /* DateFormatter+format.swift */; };
		398F9D251E1B284C002DFDB6 /* City.swift in Sources */ = {isa = PBXBuildFile; fileRef = 398F9D241E1B284C002DFDB6 /* City.swift */; };
		398F9D261E1B284C002DFDB6 /* City.swift in Sources */ = {isa = PBXBuildFile; fileRef = 398F9D241E1B284C002DFDB6 /* City.swift */; };
		398F9D271E1B284C002DFDB6 /* City.swift in Sources */ = {isa = PBXBuildFile; fileRef = 398F9D241E1B284C002DFDB6 /* City.swift */; };
		398F9D281E1B284C002DFDB6 /* City.swift in Sources */ = {isa = PBXBuildFile; fileRef = 398F9D241E1B284C002DFDB6 /* City.swift */; };
		398F9D351E1B29A5002DFDB6 /* Lot.swift in Sources */ = {isa = PBXBuildFile; fileRef = 398F9D341E1B29A5002DFDB6 /* Lot.swift */; };
		398F9D361E1B29A5002DFDB6 /* Lot.swift in Sources */ = {isa = PBXBuildFile; fileRef = 398F9D341E1B29A5002DFDB6 /* Lot.swift */; };
		398F9D371E1B29A5002DFDB6 /* Lot.swift in Sources */ = {isa = PBXBuildFile; fileRef = 398F9D341E1B29A5002DFDB6 /* Lot.swift */; };
		398F9D381E1B29A5002DFDB6 /* Lot.swift in Sources */ = {isa = PBXBuildFile; fileRef = 398F9D341E1B29A5002DFDB6 /* Lot.swift */; };
		398F9D3A1E1B29E5002DFDB6 /* Coordinate.swift in Sources */ = {isa = PBXBuildFile; fileRef = 398F9D391E1B29E5002DFDB6 /* Coordinate.swift */; };
		398F9D3B1E1B29E5002DFDB6 /* Coordinate.swift in Sources */ = {isa = PBXBuildFile; fileRef = 398F9D391E1B29E5002DFDB6 /* Coordinate.swift */; };
		398F9D3C1E1B29E5002DFDB6 /* Coordinate.swift in Sources */ = {isa = PBXBuildFile; fileRef = 398F9D391E1B29E5002DFDB6 /* Coordinate.swift */; };
		398F9D3D1E1B29E5002DFDB6 /* Coordinate.swift in Sources */ = {isa = PBXBuildFile; fileRef = 398F9D391E1B29E5002DFDB6 /* Coordinate.swift */; };
		398F9D3F1E1B2AC4002DFDB6 /* Response.swift in Sources */ = {isa = PBXBuildFile; fileRef = 398F9D3E1E1B2AC4002DFDB6 /* Response.swift */; };
		398F9D401E1B2AC4002DFDB6 /* Response.swift in Sources */ = {isa = PBXBuildFile; fileRef = 398F9D3E1E1B2AC4002DFDB6 /* Response.swift */; };
		398F9D411E1B2AC4002DFDB6 /* Response.swift in Sources */ = {isa = PBXBuildFile; fileRef = 398F9D3E1E1B2AC4002DFDB6 /* Response.swift */; };
		398F9D421E1B2AC4002DFDB6 /* Response.swift in Sources */ = {isa = PBXBuildFile; fileRef = 398F9D3E1E1B2AC4002DFDB6 /* Response.swift */; };
		398F9D441E1B2B0F002DFDB6 /* Forecast.swift in Sources */ = {isa = PBXBuildFile; fileRef = 398F9D431E1B2B0F002DFDB6 /* Forecast.swift */; };
		398F9D451E1B2B0F002DFDB6 /* Forecast.swift in Sources */ = {isa = PBXBuildFile; fileRef = 398F9D431E1B2B0F002DFDB6 /* Forecast.swift */; };
		398F9D461E1B2B0F002DFDB6 /* Forecast.swift in Sources */ = {isa = PBXBuildFile; fileRef = 398F9D431E1B2B0F002DFDB6 /* Forecast.swift */; };
		398F9D471E1B2B0F002DFDB6 /* Forecast.swift in Sources */ = {isa = PBXBuildFile; fileRef = 398F9D431E1B2B0F002DFDB6 /* Forecast.swift */; };
		398F9D491E1B2BEC002DFDB6 /* ParkError.swift in Sources */ = {isa = PBXBuildFile; fileRef = 398F9D481E1B2BEC002DFDB6 /* ParkError.swift */; };
		398F9D4A1E1B2BEC002DFDB6 /* ParkError.swift in Sources */ = {isa = PBXBuildFile; fileRef = 398F9D481E1B2BEC002DFDB6 /* ParkError.swift */; };
		398F9D4B1E1B2BEC002DFDB6 /* ParkError.swift in Sources */ = {isa = PBXBuildFile; fileRef = 398F9D481E1B2BEC002DFDB6 /* ParkError.swift */; };
		398F9D4C1E1B2BEC002DFDB6 /* ParkError.swift in Sources */ = {isa = PBXBuildFile; fileRef = 398F9D481E1B2BEC002DFDB6 /* ParkError.swift */; };
		401165934564CE69DD365266 /* Pods_ParkKit_iOS_Tests.framework in Frameworks */ = {isa = PBXBuildFile; fileRef = C32F5ED8FB63C5B0CB2E54BB /* Pods_ParkKit_iOS_Tests.framework */; };
		420E44821F56784ED408E3D1 /* Pods_ParkKit_macOS_Tests.framework in Frameworks */ = {isa = PBXBuildFile; fileRef = 337266062D8E0C26367604DD /* Pods_ParkKit_macOS_Tests.framework */; };
		52D6D9871BEFF229002C0205 /* ParkKit.framework in Frameworks */ = {isa = PBXBuildFile; fileRef = 52D6D97C1BEFF229002C0205 /* ParkKit.framework */; };
		52D6D9981BEFF375002C0205 /* ParkKit.swift in Sources */ = {isa = PBXBuildFile; fileRef = 52D6D9961BEFF375002C0205 /* ParkKit.swift */; };
		52D6D99B1BEFF375002C0205 /* ParkKitTests.swift in Sources */ = {isa = PBXBuildFile; fileRef = 52D6D9971BEFF375002C0205 /* ParkKitTests.swift */; };
		52D6D9EA1BEFFFA4002C0205 /* ParkKit.swift in Sources */ = {isa = PBXBuildFile; fileRef = 52D6D9961BEFF375002C0205 /* ParkKit.swift */; };
		52D6DA091BF00081002C0205 /* ParkKit.swift in Sources */ = {isa = PBXBuildFile; fileRef = 52D6D9961BEFF375002C0205 /* ParkKit.swift */; };
		52D6DA261BF00118002C0205 /* ParkKit.swift in Sources */ = {isa = PBXBuildFile; fileRef = 52D6D9961BEFF375002C0205 /* ParkKit.swift */; };
		8DCA54CA71A420CABEE59945 /* Pods_ParkKit_macOS.framework in Frameworks */ = {isa = PBXBuildFile; fileRef = 3DFF3F41756461C35B74D429 /* Pods_ParkKit_macOS.framework */; };
		9D919A96036C79DFB521760E /* Pods_ParkKit_watchOS.framework in Frameworks */ = {isa = PBXBuildFile; fileRef = 329C76C9D8C0A4EF95317E2B /* Pods_ParkKit_watchOS.framework */; };
		A2600DCD350BF59D9FC76BE3 /* Pods_ParkKit_iOS.framework in Frameworks */ = {isa = PBXBuildFile; fileRef = AA332F8CDDA0B4327FE7EE58 /* Pods_ParkKit_iOS.framework */; };
		DD7502861C68FDDC006590AF /* ParkKitTests.swift in Sources */ = {isa = PBXBuildFile; fileRef = 52D6D9971BEFF375002C0205 /* ParkKitTests.swift */; };
		DD7502881C68FEDE006590AF /* ParkKit.framework in Frameworks */ = {isa = PBXBuildFile; fileRef = 52D6DA0F1BF000BD002C0205 /* ParkKit.framework */; };
		DD7502921C690C7A006590AF /* ParkKit.framework in Frameworks */ = {isa = PBXBuildFile; fileRef = 52D6D9F01BEFFFBE002C0205 /* ParkKit.framework */; };
		DD75029A1C690CBE006590AF /* ParkKitTests.swift in Sources */ = {isa = PBXBuildFile; fileRef = 52D6D9971BEFF375002C0205 /* ParkKitTests.swift */; };
		EA90F8125A3F79A92208CE88 /* Pods_ParkKit_tvOS_Tests.framework in Frameworks */ = {isa = PBXBuildFile; fileRef = 971CF2D21CFC22581E7E7CB1 /* Pods_ParkKit_tvOS_Tests.framework */; };
		FDAA4BDC9167DD01F8C5AFF0 /* Pods_ParkKit_tvOS.framework in Frameworks */ = {isa = PBXBuildFile; fileRef = 741C45C80D1A55122D83AE18 /* Pods_ParkKit_tvOS.framework */; };
/* End PBXBuildFile section */

/* Begin PBXContainerItemProxy section */
		52D6D9881BEFF229002C0205 /* PBXContainerItemProxy */ = {
			isa = PBXContainerItemProxy;
			containerPortal = 52D6D9731BEFF229002C0205 /* Project object */;
			proxyType = 1;
			remoteGlobalIDString = 52D6D97B1BEFF229002C0205;
			remoteInfo = ParkKit;
		};
		DD7502801C68FCFC006590AF /* PBXContainerItemProxy */ = {
			isa = PBXContainerItemProxy;
			containerPortal = 52D6D9731BEFF229002C0205 /* Project object */;
			proxyType = 1;
			remoteGlobalIDString = 52D6DA0E1BF000BD002C0205;
			remoteInfo = "ParkKit-macOS";
		};
		DD7502931C690C7A006590AF /* PBXContainerItemProxy */ = {
			isa = PBXContainerItemProxy;
			containerPortal = 52D6D9731BEFF229002C0205 /* Project object */;
			proxyType = 1;
			remoteGlobalIDString = 52D6D9EF1BEFFFBE002C0205;
			remoteInfo = "ParkKit-tvOS";
		};
/* End PBXContainerItemProxy section */

/* Begin PBXFileReference section */
		0DEEF804FE9CE41E53A76CFC /* Pods-ParkKit-macOS.debug.xcconfig */ = {isa = PBXFileReference; includeInIndex = 1; lastKnownFileType = text.xcconfig; name = "Pods-ParkKit-macOS.debug.xcconfig"; path = "Pods/Target Support Files/Pods-ParkKit-macOS/Pods-ParkKit-macOS.debug.xcconfig"; sourceTree = "<group>"; };
		12FD070FFDA55F466503BBF7 /* Pods-ParkKit-watchOS.debug.xcconfig */ = {isa = PBXFileReference; includeInIndex = 1; lastKnownFileType = text.xcconfig; name = "Pods-ParkKit-watchOS.debug.xcconfig"; path = "Pods/Target Support Files/Pods-ParkKit-watchOS/Pods-ParkKit-watchOS.debug.xcconfig"; sourceTree = "<group>"; };
		329C76C9D8C0A4EF95317E2B /* Pods_ParkKit_watchOS.framework */ = {isa = PBXFileReference; explicitFileType = wrapper.framework; includeInIndex = 0; path = Pods_ParkKit_watchOS.framework; sourceTree = BUILT_PRODUCTS_DIR; };
		337266062D8E0C26367604DD /* Pods_ParkKit_macOS_Tests.framework */ = {isa = PBXFileReference; explicitFileType = wrapper.framework; includeInIndex = 0; path = Pods_ParkKit_macOS_Tests.framework; sourceTree = BUILT_PRODUCTS_DIR; };
		363EE52AC1AE452F072ECD47 /* Pods-ParkKit-iOS.debug.xcconfig */ = {isa = PBXFileReference; includeInIndex = 1; lastKnownFileType = text.xcconfig; name = "Pods-ParkKit-iOS.debug.xcconfig"; path = "Pods/Target Support Files/Pods-ParkKit-iOS/Pods-ParkKit-iOS.debug.xcconfig"; sourceTree = "<group>"; };
		36B07DD28CD54AF9919DB2A8 /* Pods-ParkKit-tvOS Tests.release.xcconfig */ = {isa = PBXFileReference; includeInIndex = 1; lastKnownFileType = text.xcconfig; name = "Pods-ParkKit-tvOS Tests.release.xcconfig"; path = "Pods/Target Support Files/Pods-ParkKit-tvOS Tests/Pods-ParkKit-tvOS Tests.release.xcconfig"; sourceTree = "<group>"; };
		3786F67AD8EA1DE365001493 /* Pods-ParkKit-iOS Tests.release.xcconfig */ = {isa = PBXFileReference; includeInIndex = 1; lastKnownFileType = text.xcconfig; name = "Pods-ParkKit-iOS Tests.release.xcconfig"; path = "Pods/Target Support Files/Pods-ParkKit-iOS Tests/Pods-ParkKit-iOS Tests.release.xcconfig"; sourceTree = "<group>"; };
		390102DC1E1C03B100AF6DEA /* DateFormatter+format.swift */ = {isa = PBXFileReference; fileEncoding = 4; lastKnownFileType = sourcecode.swift; name = "DateFormatter+format.swift"; path = "Sources/DateFormatter+format.swift"; sourceTree = "<group>"; };
		398F9D241E1B284C002DFDB6 /* City.swift */ = {isa = PBXFileReference; fileEncoding = 4; lastKnownFileType = sourcecode.swift; name = City.swift; path = Sources/City.swift; sourceTree = "<group>"; };
		398F9D341E1B29A5002DFDB6 /* Lot.swift */ = {isa = PBXFileReference; fileEncoding = 4; lastKnownFileType = sourcecode.swift; name = Lot.swift; path = Sources/Lot.swift; sourceTree = "<group>"; };
		398F9D391E1B29E5002DFDB6 /* Coordinate.swift */ = {isa = PBXFileReference; fileEncoding = 4; lastKnownFileType = sourcecode.swift; name = Coordinate.swift; path = Sources/Coordinate.swift; sourceTree = "<group>"; };
		398F9D3E1E1B2AC4002DFDB6 /* Response.swift */ = {isa = PBXFileReference; fileEncoding = 4; lastKnownFileType = sourcecode.swift; name = Response.swift; path = Sources/Response.swift; sourceTree = "<group>"; };
		398F9D431E1B2B0F002DFDB6 /* Forecast.swift */ = {isa = PBXFileReference; fileEncoding = 4; lastKnownFileType = sourcecode.swift; name = Forecast.swift; path = Sources/Forecast.swift; sourceTree = "<group>"; };
		398F9D481E1B2BEC002DFDB6 /* ParkError.swift */ = {isa = PBXFileReference; fileEncoding = 4; lastKnownFileType = sourcecode.swift; name = ParkError.swift; path = Sources/ParkError.swift; sourceTree = "<group>"; };
		3DFF3F41756461C35B74D429 /* Pods_ParkKit_macOS.framework */ = {isa = PBXFileReference; explicitFileType = wrapper.framework; includeInIndex = 0; path = Pods_ParkKit_macOS.framework; sourceTree = BUILT_PRODUCTS_DIR; };
		40AF57F0B58FD1D794ADAB8D /* Pods-ParkKit-tvOS Tests.debug.xcconfig */ = {isa = PBXFileReference; includeInIndex = 1; lastKnownFileType = text.xcconfig; name = "Pods-ParkKit-tvOS Tests.debug.xcconfig"; path = "Pods/Target Support Files/Pods-ParkKit-tvOS Tests/Pods-ParkKit-tvOS Tests.debug.xcconfig"; sourceTree = "<group>"; };
		4632EA33E347EB709B9F534E /* Pods-ParkKit-iOS Tests.debug.xcconfig */ = {isa = PBXFileReference; includeInIndex = 1; lastKnownFileType = text.xcconfig; name = "Pods-ParkKit-iOS Tests.debug.xcconfig"; path = "Pods/Target Support Files/Pods-ParkKit-iOS Tests/Pods-ParkKit-iOS Tests.debug.xcconfig"; sourceTree = "<group>"; };
		52D6D97C1BEFF229002C0205 /* ParkKit.framework */ = {isa = PBXFileReference; explicitFileType = wrapper.framework; includeInIndex = 0; path = ParkKit.framework; sourceTree = BUILT_PRODUCTS_DIR; };
		52D6D9861BEFF229002C0205 /* ParkKit-iOS Tests.xctest */ = {isa = PBXFileReference; explicitFileType = wrapper.cfbundle; includeInIndex = 0; path = "ParkKit-iOS Tests.xctest"; sourceTree = BUILT_PRODUCTS_DIR; };
		52D6D9961BEFF375002C0205 /* ParkKit.swift */ = {isa = PBXFileReference; fileEncoding = 4; lastKnownFileType = sourcecode.swift; name = ParkKit.swift; path = Sources/ParkKit.swift; sourceTree = "<group>"; };
		52D6D9971BEFF375002C0205 /* ParkKitTests.swift */ = {isa = PBXFileReference; fileEncoding = 4; lastKnownFileType = sourcecode.swift; name = ParkKitTests.swift; path = Tests/ParkKitTests/ParkKitTests.swift; sourceTree = "<group>"; };
		52D6D9E21BEFFF6E002C0205 /* ParkKit.framework */ = {isa = PBXFileReference; explicitFileType = wrapper.framework; includeInIndex = 0; path = ParkKit.framework; sourceTree = BUILT_PRODUCTS_DIR; };
		52D6D9F01BEFFFBE002C0205 /* ParkKit.framework */ = {isa = PBXFileReference; explicitFileType = wrapper.framework; includeInIndex = 0; path = ParkKit.framework; sourceTree = BUILT_PRODUCTS_DIR; };
		52D6DA0F1BF000BD002C0205 /* ParkKit.framework */ = {isa = PBXFileReference; explicitFileType = wrapper.framework; includeInIndex = 0; path = ParkKit.framework; sourceTree = BUILT_PRODUCTS_DIR; };
		5F037450391BA9D520889090 /* Pods-ParkKit-tvOS.release.xcconfig */ = {isa = PBXFileReference; includeInIndex = 1; lastKnownFileType = text.xcconfig; name = "Pods-ParkKit-tvOS.release.xcconfig"; path = "Pods/Target Support Files/Pods-ParkKit-tvOS/Pods-ParkKit-tvOS.release.xcconfig"; sourceTree = "<group>"; };
		741C45C80D1A55122D83AE18 /* Pods_ParkKit_tvOS.framework */ = {isa = PBXFileReference; explicitFileType = wrapper.framework; includeInIndex = 0; path = Pods_ParkKit_tvOS.framework; sourceTree = BUILT_PRODUCTS_DIR; };
		7DD56B198B18D45F52ECA34C /* Pods-ParkKit-macOS Tests.debug.xcconfig */ = {isa = PBXFileReference; includeInIndex = 1; lastKnownFileType = text.xcconfig; name = "Pods-ParkKit-macOS Tests.debug.xcconfig"; path = "Pods/Target Support Files/Pods-ParkKit-macOS Tests/Pods-ParkKit-macOS Tests.debug.xcconfig"; sourceTree = "<group>"; };
		826E452924E68CBE54409058 /* Pods-ParkKit-macOS.release.xcconfig */ = {isa = PBXFileReference; includeInIndex = 1; lastKnownFileType = text.xcconfig; name = "Pods-ParkKit-macOS.release.xcconfig"; path = "Pods/Target Support Files/Pods-ParkKit-macOS/Pods-ParkKit-macOS.release.xcconfig"; sourceTree = "<group>"; };
		971CF2D21CFC22581E7E7CB1 /* Pods_ParkKit_tvOS_Tests.framework */ = {isa = PBXFileReference; explicitFileType = wrapper.framework; includeInIndex = 0; path = Pods_ParkKit_tvOS_Tests.framework; sourceTree = BUILT_PRODUCTS_DIR; };
		A7B96A78C485D7E7DE525EA6 /* Pods-ParkKit-macOS Tests.release.xcconfig */ = {isa = PBXFileReference; includeInIndex = 1; lastKnownFileType = text.xcconfig; name = "Pods-ParkKit-macOS Tests.release.xcconfig"; path = "Pods/Target Support Files/Pods-ParkKit-macOS Tests/Pods-ParkKit-macOS Tests.release.xcconfig"; sourceTree = "<group>"; };
		AA332F8CDDA0B4327FE7EE58 /* Pods_ParkKit_iOS.framework */ = {isa = PBXFileReference; explicitFileType = wrapper.framework; includeInIndex = 0; path = Pods_ParkKit_iOS.framework; sourceTree = BUILT_PRODUCTS_DIR; };
		AA38E08F8CCE84D0A296A3A3 /* Pods-ParkKit-iOS.release.xcconfig */ = {isa = PBXFileReference; includeInIndex = 1; lastKnownFileType = text.xcconfig; name = "Pods-ParkKit-iOS.release.xcconfig"; path = "Pods/Target Support Files/Pods-ParkKit-iOS/Pods-ParkKit-iOS.release.xcconfig"; sourceTree = "<group>"; };
		AD2FAA261CD0B6D800659CF4 /* ParkKit.plist */ = {isa = PBXFileReference; fileEncoding = 4; lastKnownFileType = text.plist.xml; path = ParkKit.plist; sourceTree = "<group>"; };
		AD2FAA281CD0B6E100659CF4 /* ParkKitTests.plist */ = {isa = PBXFileReference; fileEncoding = 4; lastKnownFileType = text.plist.xml; path = ParkKitTests.plist; sourceTree = "<group>"; };
		AE447F2029FBED12EDBBA91E /* Pods-ParkKit-watchOS.release.xcconfig */ = {isa = PBXFileReference; includeInIndex = 1; lastKnownFileType = text.xcconfig; name = "Pods-ParkKit-watchOS.release.xcconfig"; path = "Pods/Target Support Files/Pods-ParkKit-watchOS/Pods-ParkKit-watchOS.release.xcconfig"; sourceTree = "<group>"; };
		C32F5ED8FB63C5B0CB2E54BB /* Pods_ParkKit_iOS_Tests.framework */ = {isa = PBXFileReference; explicitFileType = wrapper.framework; includeInIndex = 0; path = Pods_ParkKit_iOS_Tests.framework; sourceTree = BUILT_PRODUCTS_DIR; };
		DD75027A1C68FCFC006590AF /* ParkKit-macOS Tests.xctest */ = {isa = PBXFileReference; explicitFileType = wrapper.cfbundle; includeInIndex = 0; path = "ParkKit-macOS Tests.xctest"; sourceTree = BUILT_PRODUCTS_DIR; };
		DD75028D1C690C7A006590AF /* ParkKit-tvOS Tests.xctest */ = {isa = PBXFileReference; explicitFileType = wrapper.cfbundle; includeInIndex = 0; path = "ParkKit-tvOS Tests.xctest"; sourceTree = BUILT_PRODUCTS_DIR; };
		E76E9C8AF772C0CFDE8D946C /* Pods-ParkKit-tvOS.debug.xcconfig */ = {isa = PBXFileReference; includeInIndex = 1; lastKnownFileType = text.xcconfig; name = "Pods-ParkKit-tvOS.debug.xcconfig"; path = "Pods/Target Support Files/Pods-ParkKit-tvOS/Pods-ParkKit-tvOS.debug.xcconfig"; sourceTree = "<group>"; };
/* End PBXFileReference section */

/* Begin PBXFrameworksBuildPhase section */
		52D6D9781BEFF229002C0205 /* Frameworks */ = {
			isa = PBXFrameworksBuildPhase;
			buildActionMask = 2147483647;
			files = (
				A2600DCD350BF59D9FC76BE3 /* Pods_ParkKit_iOS.framework in Frameworks */,
			);
			runOnlyForDeploymentPostprocessing = 0;
		};
		52D6D9831BEFF229002C0205 /* Frameworks */ = {
			isa = PBXFrameworksBuildPhase;
			buildActionMask = 2147483647;
			files = (
				52D6D9871BEFF229002C0205 /* ParkKit.framework in Frameworks */,
				401165934564CE69DD365266 /* Pods_ParkKit_iOS_Tests.framework in Frameworks */,
			);
			runOnlyForDeploymentPostprocessing = 0;
		};
		52D6D9DE1BEFFF6E002C0205 /* Frameworks */ = {
			isa = PBXFrameworksBuildPhase;
			buildActionMask = 2147483647;
			files = (
				9D919A96036C79DFB521760E /* Pods_ParkKit_watchOS.framework in Frameworks */,
			);
			runOnlyForDeploymentPostprocessing = 0;
		};
		52D6D9EC1BEFFFBE002C0205 /* Frameworks */ = {
			isa = PBXFrameworksBuildPhase;
			buildActionMask = 2147483647;
			files = (
				FDAA4BDC9167DD01F8C5AFF0 /* Pods_ParkKit_tvOS.framework in Frameworks */,
			);
			runOnlyForDeploymentPostprocessing = 0;
		};
		52D6DA0B1BF000BD002C0205 /* Frameworks */ = {
			isa = PBXFrameworksBuildPhase;
			buildActionMask = 2147483647;
			files = (
				8DCA54CA71A420CABEE59945 /* Pods_ParkKit_macOS.framework in Frameworks */,
			);
			runOnlyForDeploymentPostprocessing = 0;
		};
		DD7502771C68FCFC006590AF /* Frameworks */ = {
			isa = PBXFrameworksBuildPhase;
			buildActionMask = 2147483647;
			files = (
				DD7502881C68FEDE006590AF /* ParkKit.framework in Frameworks */,
				420E44821F56784ED408E3D1 /* Pods_ParkKit_macOS_Tests.framework in Frameworks */,
			);
			runOnlyForDeploymentPostprocessing = 0;
		};
		DD75028A1C690C7A006590AF /* Frameworks */ = {
			isa = PBXFrameworksBuildPhase;
			buildActionMask = 2147483647;
			files = (
				DD7502921C690C7A006590AF /* ParkKit.framework in Frameworks */,
				EA90F8125A3F79A92208CE88 /* Pods_ParkKit_tvOS_Tests.framework in Frameworks */,
			);
			runOnlyForDeploymentPostprocessing = 0;
		};
/* End PBXFrameworksBuildPhase section */

/* Begin PBXGroup section */
		398F9D2E1E1B2940002DFDB6 /* Tests */ = {
			isa = PBXGroup;
			children = (
				52D6D9971BEFF375002C0205 /* ParkKitTests.swift */,
			);
			name = Tests;
			sourceTree = "<group>";
		};
		52D6D9721BEFF229002C0205 = {
			isa = PBXGroup;
			children = (
				52D6D9961BEFF375002C0205 /* ParkKit.swift */,
				398F9D481E1B2BEC002DFDB6 /* ParkError.swift */,
				398F9D3E1E1B2AC4002DFDB6 /* Response.swift */,
				398F9D391E1B29E5002DFDB6 /* Coordinate.swift */,
				398F9D241E1B284C002DFDB6 /* City.swift */,
				398F9D341E1B29A5002DFDB6 /* Lot.swift */,
				398F9D431E1B2B0F002DFDB6 /* Forecast.swift */,
				390102DC1E1C03B100AF6DEA /* DateFormatter+format.swift */,
				398F9D2E1E1B2940002DFDB6 /* Tests */,
				52D6D99C1BEFF38C002C0205 /* Configs */,
				52D6D97D1BEFF229002C0205 /* Products */,
				C5C64CEF9849A2B2602DDBBA /* Pods */,
				994A52265FAFA8B8B1FB2E46 /* Frameworks */,
			);
			sourceTree = "<group>";
		};
		52D6D97D1BEFF229002C0205 /* Products */ = {
			isa = PBXGroup;
			children = (
				52D6D97C1BEFF229002C0205 /* ParkKit.framework */,
				52D6D9861BEFF229002C0205 /* ParkKit-iOS Tests.xctest */,
				52D6D9E21BEFFF6E002C0205 /* ParkKit.framework */,
				52D6D9F01BEFFFBE002C0205 /* ParkKit.framework */,
				52D6DA0F1BF000BD002C0205 /* ParkKit.framework */,
				DD75027A1C68FCFC006590AF /* ParkKit-macOS Tests.xctest */,
				DD75028D1C690C7A006590AF /* ParkKit-tvOS Tests.xctest */,
			);
			name = Products;
			sourceTree = "<group>";
		};
		52D6D99C1BEFF38C002C0205 /* Configs */ = {
			isa = PBXGroup;
			children = (
				DD7502721C68FC1B006590AF /* Frameworks */,
				DD7502731C68FC20006590AF /* Tests */,
			);
			path = Configs;
			sourceTree = "<group>";
		};
		994A52265FAFA8B8B1FB2E46 /* Frameworks */ = {
			isa = PBXGroup;
			children = (
				AA332F8CDDA0B4327FE7EE58 /* Pods_ParkKit_iOS.framework */,
				C32F5ED8FB63C5B0CB2E54BB /* Pods_ParkKit_iOS_Tests.framework */,
				3DFF3F41756461C35B74D429 /* Pods_ParkKit_macOS.framework */,
				337266062D8E0C26367604DD /* Pods_ParkKit_macOS_Tests.framework */,
				741C45C80D1A55122D83AE18 /* Pods_ParkKit_tvOS.framework */,
				971CF2D21CFC22581E7E7CB1 /* Pods_ParkKit_tvOS_Tests.framework */,
				329C76C9D8C0A4EF95317E2B /* Pods_ParkKit_watchOS.framework */,
			);
			name = Frameworks;
			sourceTree = "<group>";
		};
		C5C64CEF9849A2B2602DDBBA /* Pods */ = {
			isa = PBXGroup;
			children = (
				363EE52AC1AE452F072ECD47 /* Pods-ParkKit-iOS.debug.xcconfig */,
				AA38E08F8CCE84D0A296A3A3 /* Pods-ParkKit-iOS.release.xcconfig */,
				4632EA33E347EB709B9F534E /* Pods-ParkKit-iOS Tests.debug.xcconfig */,
				3786F67AD8EA1DE365001493 /* Pods-ParkKit-iOS Tests.release.xcconfig */,
				0DEEF804FE9CE41E53A76CFC /* Pods-ParkKit-macOS.debug.xcconfig */,
				826E452924E68CBE54409058 /* Pods-ParkKit-macOS.release.xcconfig */,
				7DD56B198B18D45F52ECA34C /* Pods-ParkKit-macOS Tests.debug.xcconfig */,
				A7B96A78C485D7E7DE525EA6 /* Pods-ParkKit-macOS Tests.release.xcconfig */,
				E76E9C8AF772C0CFDE8D946C /* Pods-ParkKit-tvOS.debug.xcconfig */,
				5F037450391BA9D520889090 /* Pods-ParkKit-tvOS.release.xcconfig */,
				40AF57F0B58FD1D794ADAB8D /* Pods-ParkKit-tvOS Tests.debug.xcconfig */,
				36B07DD28CD54AF9919DB2A8 /* Pods-ParkKit-tvOS Tests.release.xcconfig */,
				12FD070FFDA55F466503BBF7 /* Pods-ParkKit-watchOS.debug.xcconfig */,
				AE447F2029FBED12EDBBA91E /* Pods-ParkKit-watchOS.release.xcconfig */,
			);
			name = Pods;
			sourceTree = "<group>";
		};
		DD7502721C68FC1B006590AF /* Frameworks */ = {
			isa = PBXGroup;
			children = (
				AD2FAA261CD0B6D800659CF4 /* ParkKit.plist */,
			);
			name = Frameworks;
			sourceTree = "<group>";
		};
		DD7502731C68FC20006590AF /* Tests */ = {
			isa = PBXGroup;
			children = (
				AD2FAA281CD0B6E100659CF4 /* ParkKitTests.plist */,
			);
			name = Tests;
			sourceTree = "<group>";
		};
/* End PBXGroup section */

/* Begin PBXHeadersBuildPhase section */
		52D6D9791BEFF229002C0205 /* Headers */ = {
			isa = PBXHeadersBuildPhase;
			buildActionMask = 2147483647;
			files = (
			);
			runOnlyForDeploymentPostprocessing = 0;
		};
		52D6D9DF1BEFFF6E002C0205 /* Headers */ = {
			isa = PBXHeadersBuildPhase;
			buildActionMask = 2147483647;
			files = (
			);
			runOnlyForDeploymentPostprocessing = 0;
		};
		52D6D9ED1BEFFFBE002C0205 /* Headers */ = {
			isa = PBXHeadersBuildPhase;
			buildActionMask = 2147483647;
			files = (
			);
			runOnlyForDeploymentPostprocessing = 0;
		};
		52D6DA0C1BF000BD002C0205 /* Headers */ = {
			isa = PBXHeadersBuildPhase;
			buildActionMask = 2147483647;
			files = (
			);
			runOnlyForDeploymentPostprocessing = 0;
		};
/* End PBXHeadersBuildPhase section */

/* Begin PBXNativeTarget section */
		52D6D97B1BEFF229002C0205 /* ParkKit-iOS */ = {
			isa = PBXNativeTarget;
			buildConfigurationList = 52D6D9901BEFF229002C0205 /* Build configuration list for PBXNativeTarget "ParkKit-iOS" */;
			buildPhases = (
				2C4C3F68695742C205F00913 /* [CP] Check Pods Manifest.lock */,
				52D6D9771BEFF229002C0205 /* Sources */,
				52D6D9781BEFF229002C0205 /* Frameworks */,
				52D6D9791BEFF229002C0205 /* Headers */,
				52D6D97A1BEFF229002C0205 /* Resources */,
				A38F0E9082C69FE95E587670 /* [CP] Copy Pods Resources */,
			);
			buildRules = (
			);
			dependencies = (
			);
			name = "ParkKit-iOS";
			productName = ParkKit;
			productReference = 52D6D97C1BEFF229002C0205 /* ParkKit.framework */;
			productType = "com.apple.product-type.framework";
		};
		52D6D9851BEFF229002C0205 /* ParkKit-iOS Tests */ = {
			isa = PBXNativeTarget;
			buildConfigurationList = 52D6D9931BEFF229002C0205 /* Build configuration list for PBXNativeTarget "ParkKit-iOS Tests" */;
			buildPhases = (
				AB72DA3688F38E386FD15AAB /* [CP] Check Pods Manifest.lock */,
				52D6D9821BEFF229002C0205 /* Sources */,
				52D6D9831BEFF229002C0205 /* Frameworks */,
				52D6D9841BEFF229002C0205 /* Resources */,
				2D3FC4BF444C94200C1E5A25 /* [CP] Embed Pods Frameworks */,
				3FD9245C998DE7F20BEF0C12 /* [CP] Copy Pods Resources */,
			);
			buildRules = (
			);
			dependencies = (
				52D6D9891BEFF229002C0205 /* PBXTargetDependency */,
			);
			name = "ParkKit-iOS Tests";
			productName = ParkKitTests;
			productReference = 52D6D9861BEFF229002C0205 /* ParkKit-iOS Tests.xctest */;
			productType = "com.apple.product-type.bundle.unit-test";
		};
		52D6D9E11BEFFF6E002C0205 /* ParkKit-watchOS */ = {
			isa = PBXNativeTarget;
			buildConfigurationList = 52D6D9E71BEFFF6E002C0205 /* Build configuration list for PBXNativeTarget "ParkKit-watchOS" */;
			buildPhases = (
				6F428CA650C800FEAAA01D03 /* [CP] Check Pods Manifest.lock */,
				52D6D9DD1BEFFF6E002C0205 /* Sources */,
				52D6D9DE1BEFFF6E002C0205 /* Frameworks */,
				52D6D9DF1BEFFF6E002C0205 /* Headers */,
				52D6D9E01BEFFF6E002C0205 /* Resources */,
				7BBA6570DA2F5B232E4E838D /* [CP] Copy Pods Resources */,
			);
			buildRules = (
			);
			dependencies = (
			);
			name = "ParkKit-watchOS";
			productName = "ParkKit-watchOS";
			productReference = 52D6D9E21BEFFF6E002C0205 /* ParkKit.framework */;
			productType = "com.apple.product-type.framework";
		};
		52D6D9EF1BEFFFBE002C0205 /* ParkKit-tvOS */ = {
			isa = PBXNativeTarget;
			buildConfigurationList = 52D6DA011BEFFFBE002C0205 /* Build configuration list for PBXNativeTarget "ParkKit-tvOS" */;
			buildPhases = (
				7BA27FF644D9EE26F32328CF /* [CP] Check Pods Manifest.lock */,
				52D6D9EB1BEFFFBE002C0205 /* Sources */,
				52D6D9EC1BEFFFBE002C0205 /* Frameworks */,
				52D6D9ED1BEFFFBE002C0205 /* Headers */,
				52D6D9EE1BEFFFBE002C0205 /* Resources */,
				65FE9A1503702E1DC87BA186 /* [CP] Copy Pods Resources */,
			);
			buildRules = (
			);
			dependencies = (
			);
			name = "ParkKit-tvOS";
			productName = "ParkKit-tvOS";
			productReference = 52D6D9F01BEFFFBE002C0205 /* ParkKit.framework */;
			productType = "com.apple.product-type.framework";
		};
		52D6DA0E1BF000BD002C0205 /* ParkKit-macOS */ = {
			isa = PBXNativeTarget;
			buildConfigurationList = 52D6DA201BF000BD002C0205 /* Build configuration list for PBXNativeTarget "ParkKit-macOS" */;
			buildPhases = (
				DA8B9F35548C88E9E0F030BC /* [CP] Check Pods Manifest.lock */,
				52D6DA0A1BF000BD002C0205 /* Sources */,
				52D6DA0B1BF000BD002C0205 /* Frameworks */,
				52D6DA0C1BF000BD002C0205 /* Headers */,
				52D6DA0D1BF000BD002C0205 /* Resources */,
				4946F7D71308AD628667D7A4 /* [CP] Copy Pods Resources */,
			);
			buildRules = (
			);
			dependencies = (
			);
			name = "ParkKit-macOS";
			productName = "ParkKit-macOS";
			productReference = 52D6DA0F1BF000BD002C0205 /* ParkKit.framework */;
			productType = "com.apple.product-type.framework";
		};
		DD7502791C68FCFC006590AF /* ParkKit-macOS Tests */ = {
			isa = PBXNativeTarget;
			buildConfigurationList = DD7502821C68FCFC006590AF /* Build configuration list for PBXNativeTarget "ParkKit-macOS Tests" */;
			buildPhases = (
				D487E615461E4A44A9D15779 /* [CP] Check Pods Manifest.lock */,
				DD7502761C68FCFC006590AF /* Sources */,
				DD7502771C68FCFC006590AF /* Frameworks */,
				DD7502781C68FCFC006590AF /* Resources */,
				7F39C8552DC39DC2BCEBAF74 /* [CP] Embed Pods Frameworks */,
				96CA887041DF6B812D2C2744 /* [CP] Copy Pods Resources */,
			);
			buildRules = (
			);
			dependencies = (
				DD7502811C68FCFC006590AF /* PBXTargetDependency */,
			);
			name = "ParkKit-macOS Tests";
			productName = "ParkKit-OS Tests";
			productReference = DD75027A1C68FCFC006590AF /* ParkKit-macOS Tests.xctest */;
			productType = "com.apple.product-type.bundle.unit-test";
		};
		DD75028C1C690C7A006590AF /* ParkKit-tvOS Tests */ = {
			isa = PBXNativeTarget;
			buildConfigurationList = DD7502951C690C7A006590AF /* Build configuration list for PBXNativeTarget "ParkKit-tvOS Tests" */;
			buildPhases = (
				5BD2379FAEDCA03DCE83D16F /* [CP] Check Pods Manifest.lock */,
				DD7502891C690C7A006590AF /* Sources */,
				DD75028A1C690C7A006590AF /* Frameworks */,
				DD75028B1C690C7A006590AF /* Resources */,
				41D9000A9E01E50A7B1DAAB8 /* [CP] Embed Pods Frameworks */,
				357B4EED298AEA8FA79D2CCC /* [CP] Copy Pods Resources */,
			);
			buildRules = (
			);
			dependencies = (
				DD7502941C690C7A006590AF /* PBXTargetDependency */,
			);
			name = "ParkKit-tvOS Tests";
			productName = "ParkKit-tvOS Tests";
			productReference = DD75028D1C690C7A006590AF /* ParkKit-tvOS Tests.xctest */;
			productType = "com.apple.product-type.bundle.unit-test";
		};
/* End PBXNativeTarget section */

/* Begin PBXProject section */
		52D6D9731BEFF229002C0205 /* Project object */ = {
			isa = PBXProject;
			attributes = {
				LastSwiftUpdateCheck = 0720;
				LastUpgradeCheck = 0810;
				ORGANIZATIONNAME = "Kilian Koeltzsch";
				TargetAttributes = {
					52D6D97B1BEFF229002C0205 = {
						CreatedOnToolsVersion = 7.1;
						LastSwiftMigration = 0800;
					};
					52D6D9851BEFF229002C0205 = {
						CreatedOnToolsVersion = 7.1;
						LastSwiftMigration = 0800;
					};
					52D6D9E11BEFFF6E002C0205 = {
						CreatedOnToolsVersion = 7.1;
						LastSwiftMigration = 0800;
					};
					52D6D9EF1BEFFFBE002C0205 = {
						CreatedOnToolsVersion = 7.1;
						LastSwiftMigration = 0800;
					};
					52D6DA0E1BF000BD002C0205 = {
						CreatedOnToolsVersion = 7.1;
						LastSwiftMigration = 0800;
					};
					DD7502791C68FCFC006590AF = {
						CreatedOnToolsVersion = 7.2.1;
						LastSwiftMigration = 0800;
					};
					DD75028C1C690C7A006590AF = {
						CreatedOnToolsVersion = 7.2.1;
						LastSwiftMigration = 0800;
					};
				};
			};
			buildConfigurationList = 52D6D9761BEFF229002C0205 /* Build configuration list for PBXProject "ParkKit" */;
			compatibilityVersion = "Xcode 6.3";
			developmentRegion = English;
			hasScannedForEncodings = 0;
			knownRegions = (
				en,
			);
			mainGroup = 52D6D9721BEFF229002C0205;
			productRefGroup = 52D6D97D1BEFF229002C0205 /* Products */;
			projectDirPath = "";
			projectRoot = "";
			targets = (
				52D6D97B1BEFF229002C0205 /* ParkKit-iOS */,
				52D6DA0E1BF000BD002C0205 /* ParkKit-macOS */,
				52D6D9E11BEFFF6E002C0205 /* ParkKit-watchOS */,
				52D6D9EF1BEFFFBE002C0205 /* ParkKit-tvOS */,
				52D6D9851BEFF229002C0205 /* ParkKit-iOS Tests */,
				DD7502791C68FCFC006590AF /* ParkKit-macOS Tests */,
				DD75028C1C690C7A006590AF /* ParkKit-tvOS Tests */,
			);
		};
/* End PBXProject section */

/* Begin PBXResourcesBuildPhase section */
		52D6D97A1BEFF229002C0205 /* Resources */ = {
			isa = PBXResourcesBuildPhase;
			buildActionMask = 2147483647;
			files = (
			);
			runOnlyForDeploymentPostprocessing = 0;
		};
		52D6D9841BEFF229002C0205 /* Resources */ = {
			isa = PBXResourcesBuildPhase;
			buildActionMask = 2147483647;
			files = (
			);
			runOnlyForDeploymentPostprocessing = 0;
		};
		52D6D9E01BEFFF6E002C0205 /* Resources */ = {
			isa = PBXResourcesBuildPhase;
			buildActionMask = 2147483647;
			files = (
			);
			runOnlyForDeploymentPostprocessing = 0;
		};
		52D6D9EE1BEFFFBE002C0205 /* Resources */ = {
			isa = PBXResourcesBuildPhase;
			buildActionMask = 2147483647;
			files = (
			);
			runOnlyForDeploymentPostprocessing = 0;
		};
		52D6DA0D1BF000BD002C0205 /* Resources */ = {
			isa = PBXResourcesBuildPhase;
			buildActionMask = 2147483647;
			files = (
			);
			runOnlyForDeploymentPostprocessing = 0;
		};
		DD7502781C68FCFC006590AF /* Resources */ = {
			isa = PBXResourcesBuildPhase;
			buildActionMask = 2147483647;
			files = (
			);
			runOnlyForDeploymentPostprocessing = 0;
		};
		DD75028B1C690C7A006590AF /* Resources */ = {
			isa = PBXResourcesBuildPhase;
			buildActionMask = 2147483647;
			files = (
			);
			runOnlyForDeploymentPostprocessing = 0;
		};
/* End PBXResourcesBuildPhase section */

/* Begin PBXShellScriptBuildPhase section */
		2C4C3F68695742C205F00913 /* [CP] Check Pods Manifest.lock */ = {
			isa = PBXShellScriptBuildPhase;
			buildActionMask = 2147483647;
			files = (
			);
			inputPaths = (
			);
			name = "[CP] Check Pods Manifest.lock";
			outputPaths = (
			);
			runOnlyForDeploymentPostprocessing = 0;
			shellPath = /bin/sh;
			shellScript = "diff \"${PODS_ROOT}/../Podfile.lock\" \"${PODS_ROOT}/Manifest.lock\" > /dev/null\nif [ $? != 0 ] ; then\n    # print error to STDERR\n    echo \"error: The sandbox is not in sync with the Podfile.lock. Run 'pod install' or update your CocoaPods installation.\" >&2\n    exit 1\nfi\n";
			showEnvVarsInLog = 0;
		};
		2D3FC4BF444C94200C1E5A25 /* [CP] Embed Pods Frameworks */ = {
			isa = PBXShellScriptBuildPhase;
			buildActionMask = 2147483647;
			files = (
			);
			inputPaths = (
			);
			name = "[CP] Embed Pods Frameworks";
			outputPaths = (
			);
			runOnlyForDeploymentPostprocessing = 0;
			shellPath = /bin/sh;
			shellScript = "\"${SRCROOT}/Pods/Target Support Files/Pods-ParkKit-iOS Tests/Pods-ParkKit-iOS Tests-frameworks.sh\"\n";
			showEnvVarsInLog = 0;
		};
		357B4EED298AEA8FA79D2CCC /* [CP] Copy Pods Resources */ = {
			isa = PBXShellScriptBuildPhase;
			buildActionMask = 2147483647;
			files = (
			);
			inputPaths = (
			);
			name = "[CP] Copy Pods Resources";
			outputPaths = (
			);
			runOnlyForDeploymentPostprocessing = 0;
			shellPath = /bin/sh;
			shellScript = "\"${SRCROOT}/Pods/Target Support Files/Pods-ParkKit-tvOS Tests/Pods-ParkKit-tvOS Tests-resources.sh\"\n";
			showEnvVarsInLog = 0;
		};
		3FD9245C998DE7F20BEF0C12 /* [CP] Copy Pods Resources */ = {
			isa = PBXShellScriptBuildPhase;
			buildActionMask = 2147483647;
			files = (
			);
			inputPaths = (
			);
			name = "[CP] Copy Pods Resources";
			outputPaths = (
			);
			runOnlyForDeploymentPostprocessing = 0;
			shellPath = /bin/sh;
			shellScript = "\"${SRCROOT}/Pods/Target Support Files/Pods-ParkKit-iOS Tests/Pods-ParkKit-iOS Tests-resources.sh\"\n";
			showEnvVarsInLog = 0;
		};
		41D9000A9E01E50A7B1DAAB8 /* [CP] Embed Pods Frameworks */ = {
			isa = PBXShellScriptBuildPhase;
			buildActionMask = 2147483647;
			files = (
			);
			inputPaths = (
			);
			name = "[CP] Embed Pods Frameworks";
			outputPaths = (
			);
			runOnlyForDeploymentPostprocessing = 0;
			shellPath = /bin/sh;
			shellScript = "\"${SRCROOT}/Pods/Target Support Files/Pods-ParkKit-tvOS Tests/Pods-ParkKit-tvOS Tests-frameworks.sh\"\n";
			showEnvVarsInLog = 0;
		};
		4946F7D71308AD628667D7A4 /* [CP] Copy Pods Resources */ = {
			isa = PBXShellScriptBuildPhase;
			buildActionMask = 2147483647;
			files = (
			);
			inputPaths = (
			);
			name = "[CP] Copy Pods Resources";
			outputPaths = (
			);
			runOnlyForDeploymentPostprocessing = 0;
			shellPath = /bin/sh;
			shellScript = "\"${SRCROOT}/Pods/Target Support Files/Pods-ParkKit-macOS/Pods-ParkKit-macOS-resources.sh\"\n";
			showEnvVarsInLog = 0;
		};
		5BD2379FAEDCA03DCE83D16F /* [CP] Check Pods Manifest.lock */ = {
			isa = PBXShellScriptBuildPhase;
			buildActionMask = 2147483647;
			files = (
			);
			inputPaths = (
			);
			name = "[CP] Check Pods Manifest.lock";
			outputPaths = (
			);
			runOnlyForDeploymentPostprocessing = 0;
			shellPath = /bin/sh;
			shellScript = "diff \"${PODS_ROOT}/../Podfile.lock\" \"${PODS_ROOT}/Manifest.lock\" > /dev/null\nif [ $? != 0 ] ; then\n    # print error to STDERR\n    echo \"error: The sandbox is not in sync with the Podfile.lock. Run 'pod install' or update your CocoaPods installation.\" >&2\n    exit 1\nfi\n";
			showEnvVarsInLog = 0;
		};
		65FE9A1503702E1DC87BA186 /* [CP] Copy Pods Resources */ = {
			isa = PBXShellScriptBuildPhase;
			buildActionMask = 2147483647;
			files = (
			);
			inputPaths = (
			);
			name = "[CP] Copy Pods Resources";
			outputPaths = (
			);
			runOnlyForDeploymentPostprocessing = 0;
			shellPath = /bin/sh;
			shellScript = "\"${SRCROOT}/Pods/Target Support Files/Pods-ParkKit-tvOS/Pods-ParkKit-tvOS-resources.sh\"\n";
			showEnvVarsInLog = 0;
		};
		6F428CA650C800FEAAA01D03 /* [CP] Check Pods Manifest.lock */ = {
			isa = PBXShellScriptBuildPhase;
			buildActionMask = 2147483647;
			files = (
			);
			inputPaths = (
			);
			name = "[CP] Check Pods Manifest.lock";
			outputPaths = (
			);
			runOnlyForDeploymentPostprocessing = 0;
			shellPath = /bin/sh;
			shellScript = "diff \"${PODS_ROOT}/../Podfile.lock\" \"${PODS_ROOT}/Manifest.lock\" > /dev/null\nif [ $? != 0 ] ; then\n    # print error to STDERR\n    echo \"error: The sandbox is not in sync with the Podfile.lock. Run 'pod install' or update your CocoaPods installation.\" >&2\n    exit 1\nfi\n";
			showEnvVarsInLog = 0;
		};
		7BA27FF644D9EE26F32328CF /* [CP] Check Pods Manifest.lock */ = {
			isa = PBXShellScriptBuildPhase;
			buildActionMask = 2147483647;
			files = (
			);
			inputPaths = (
			);
			name = "[CP] Check Pods Manifest.lock";
			outputPaths = (
			);
			runOnlyForDeploymentPostprocessing = 0;
			shellPath = /bin/sh;
			shellScript = "diff \"${PODS_ROOT}/../Podfile.lock\" \"${PODS_ROOT}/Manifest.lock\" > /dev/null\nif [ $? != 0 ] ; then\n    # print error to STDERR\n    echo \"error: The sandbox is not in sync with the Podfile.lock. Run 'pod install' or update your CocoaPods installation.\" >&2\n    exit 1\nfi\n";
			showEnvVarsInLog = 0;
		};
		7BBA6570DA2F5B232E4E838D /* [CP] Copy Pods Resources */ = {
			isa = PBXShellScriptBuildPhase;
			buildActionMask = 2147483647;
			files = (
			);
			inputPaths = (
			);
			name = "[CP] Copy Pods Resources";
			outputPaths = (
			);
			runOnlyForDeploymentPostprocessing = 0;
			shellPath = /bin/sh;
			shellScript = "\"${SRCROOT}/Pods/Target Support Files/Pods-ParkKit-watchOS/Pods-ParkKit-watchOS-resources.sh\"\n";
			showEnvVarsInLog = 0;
		};
		7F39C8552DC39DC2BCEBAF74 /* [CP] Embed Pods Frameworks */ = {
			isa = PBXShellScriptBuildPhase;
			buildActionMask = 2147483647;
			files = (
			);
			inputPaths = (
			);
			name = "[CP] Embed Pods Frameworks";
			outputPaths = (
			);
			runOnlyForDeploymentPostprocessing = 0;
			shellPath = /bin/sh;
			shellScript = "\"${SRCROOT}/Pods/Target Support Files/Pods-ParkKit-macOS Tests/Pods-ParkKit-macOS Tests-frameworks.sh\"\n";
			showEnvVarsInLog = 0;
		};
		96CA887041DF6B812D2C2744 /* [CP] Copy Pods Resources */ = {
			isa = PBXShellScriptBuildPhase;
			buildActionMask = 2147483647;
			files = (
			);
			inputPaths = (
			);
			name = "[CP] Copy Pods Resources";
			outputPaths = (
			);
			runOnlyForDeploymentPostprocessing = 0;
			shellPath = /bin/sh;
			shellScript = "\"${SRCROOT}/Pods/Target Support Files/Pods-ParkKit-macOS Tests/Pods-ParkKit-macOS Tests-resources.sh\"\n";
			showEnvVarsInLog = 0;
		};
		A38F0E9082C69FE95E587670 /* [CP] Copy Pods Resources */ = {
			isa = PBXShellScriptBuildPhase;
			buildActionMask = 2147483647;
			files = (
			);
			inputPaths = (
			);
			name = "[CP] Copy Pods Resources";
			outputPaths = (
			);
			runOnlyForDeploymentPostprocessing = 0;
			shellPath = /bin/sh;
			shellScript = "\"${SRCROOT}/Pods/Target Support Files/Pods-ParkKit-iOS/Pods-ParkKit-iOS-resources.sh\"\n";
			showEnvVarsInLog = 0;
		};
		AB72DA3688F38E386FD15AAB /* [CP] Check Pods Manifest.lock */ = {
			isa = PBXShellScriptBuildPhase;
			buildActionMask = 2147483647;
			files = (
			);
			inputPaths = (
			);
			name = "[CP] Check Pods Manifest.lock";
			outputPaths = (
			);
			runOnlyForDeploymentPostprocessing = 0;
			shellPath = /bin/sh;
			shellScript = "diff \"${PODS_ROOT}/../Podfile.lock\" \"${PODS_ROOT}/Manifest.lock\" > /dev/null\nif [ $? != 0 ] ; then\n    # print error to STDERR\n    echo \"error: The sandbox is not in sync with the Podfile.lock. Run 'pod install' or update your CocoaPods installation.\" >&2\n    exit 1\nfi\n";
			showEnvVarsInLog = 0;
		};
		D487E615461E4A44A9D15779 /* [CP] Check Pods Manifest.lock */ = {
			isa = PBXShellScriptBuildPhase;
			buildActionMask = 2147483647;
			files = (
			);
			inputPaths = (
			);
			name = "[CP] Check Pods Manifest.lock";
			outputPaths = (
			);
			runOnlyForDeploymentPostprocessing = 0;
			shellPath = /bin/sh;
			shellScript = "diff \"${PODS_ROOT}/../Podfile.lock\" \"${PODS_ROOT}/Manifest.lock\" > /dev/null\nif [ $? != 0 ] ; then\n    # print error to STDERR\n    echo \"error: The sandbox is not in sync with the Podfile.lock. Run 'pod install' or update your CocoaPods installation.\" >&2\n    exit 1\nfi\n";
			showEnvVarsInLog = 0;
		};
		DA8B9F35548C88E9E0F030BC /* [CP] Check Pods Manifest.lock */ = {
			isa = PBXShellScriptBuildPhase;
			buildActionMask = 2147483647;
			files = (
			);
			inputPaths = (
			);
			name = "[CP] Check Pods Manifest.lock";
			outputPaths = (
			);
			runOnlyForDeploymentPostprocessing = 0;
			shellPath = /bin/sh;
			shellScript = "diff \"${PODS_ROOT}/../Podfile.lock\" \"${PODS_ROOT}/Manifest.lock\" > /dev/null\nif [ $? != 0 ] ; then\n    # print error to STDERR\n    echo \"error: The sandbox is not in sync with the Podfile.lock. Run 'pod install' or update your CocoaPods installation.\" >&2\n    exit 1\nfi\n";
			showEnvVarsInLog = 0;
		};
/* End PBXShellScriptBuildPhase section */

/* Begin PBXSourcesBuildPhase section */
		52D6D9771BEFF229002C0205 /* Sources */ = {
			isa = PBXSourcesBuildPhase;
			buildActionMask = 2147483647;
			files = (
				398F9D251E1B284C002DFDB6 /* City.swift in Sources */,
				52D6D9981BEFF375002C0205 /* ParkKit.swift in Sources */,
				398F9D491E1B2BEC002DFDB6 /* ParkError.swift in Sources */,
				390102DD1E1C03B100AF6DEA /* DateFormatter+format.swift in Sources */,
				398F9D441E1B2B0F002DFDB6 /* Forecast.swift in Sources */,
				398F9D351E1B29A5002DFDB6 /* Lot.swift in Sources */,
				398F9D3F1E1B2AC4002DFDB6 /* Response.swift in Sources */,
				398F9D3A1E1B29E5002DFDB6 /* Coordinate.swift in Sources */,
			);
			runOnlyForDeploymentPostprocessing = 0;
		};
		52D6D9821BEFF229002C0205 /* Sources */ = {
			isa = PBXSourcesBuildPhase;
			buildActionMask = 2147483647;
			files = (
				52D6D99B1BEFF375002C0205 /* ParkKitTests.swift in Sources */,
			);
			runOnlyForDeploymentPostprocessing = 0;
		};
		52D6D9DD1BEFFF6E002C0205 /* Sources */ = {
			isa = PBXSourcesBuildPhase;
			buildActionMask = 2147483647;
			files = (
				398F9D271E1B284C002DFDB6 /* City.swift in Sources */,
				52D6D9EA1BEFFFA4002C0205 /* ParkKit.swift in Sources */,
				398F9D4B1E1B2BEC002DFDB6 /* ParkError.swift in Sources */,
				390102DF1E1C03B100AF6DEA /* DateFormatter+format.swift in Sources */,
				398F9D461E1B2B0F002DFDB6 /* Forecast.swift in Sources */,
				398F9D371E1B29A5002DFDB6 /* Lot.swift in Sources */,
				398F9D411E1B2AC4002DFDB6 /* Response.swift in Sources */,
				398F9D3C1E1B29E5002DFDB6 /* Coordinate.swift in Sources */,
			);
			runOnlyForDeploymentPostprocessing = 0;
		};
		52D6D9EB1BEFFFBE002C0205 /* Sources */ = {
			isa = PBXSourcesBuildPhase;
			buildActionMask = 2147483647;
			files = (
				398F9D281E1B284C002DFDB6 /* City.swift in Sources */,
				52D6DA091BF00081002C0205 /* ParkKit.swift in Sources */,
				398F9D4C1E1B2BEC002DFDB6 /* ParkError.swift in Sources */,
				390102E01E1C03B100AF6DEA /* DateFormatter+format.swift in Sources */,
				398F9D471E1B2B0F002DFDB6 /* Forecast.swift in Sources */,
				398F9D381E1B29A5002DFDB6 /* Lot.swift in Sources */,
				398F9D421E1B2AC4002DFDB6 /* Response.swift in Sources */,
				398F9D3D1E1B29E5002DFDB6 /* Coordinate.swift in Sources */,
			);
			runOnlyForDeploymentPostprocessing = 0;
		};
		52D6DA0A1BF000BD002C0205 /* Sources */ = {
			isa = PBXSourcesBuildPhase;
			buildActionMask = 2147483647;
			files = (
				398F9D261E1B284C002DFDB6 /* City.swift in Sources */,
				52D6DA261BF00118002C0205 /* ParkKit.swift in Sources */,
				398F9D4A1E1B2BEC002DFDB6 /* ParkError.swift in Sources */,
				390102DE1E1C03B100AF6DEA /* DateFormatter+format.swift in Sources */,
				398F9D451E1B2B0F002DFDB6 /* Forecast.swift in Sources */,
				398F9D361E1B29A5002DFDB6 /* Lot.swift in Sources */,
				398F9D401E1B2AC4002DFDB6 /* Response.swift in Sources */,
				398F9D3B1E1B29E5002DFDB6 /* Coordinate.swift in Sources */,
			);
			runOnlyForDeploymentPostprocessing = 0;
		};
		DD7502761C68FCFC006590AF /* Sources */ = {
			isa = PBXSourcesBuildPhase;
			buildActionMask = 2147483647;
			files = (
				DD7502861C68FDDC006590AF /* ParkKitTests.swift in Sources */,
			);
			runOnlyForDeploymentPostprocessing = 0;
		};
		DD7502891C690C7A006590AF /* Sources */ = {
			isa = PBXSourcesBuildPhase;
			buildActionMask = 2147483647;
			files = (
				DD75029A1C690CBE006590AF /* ParkKitTests.swift in Sources */,
			);
			runOnlyForDeploymentPostprocessing = 0;
		};
/* End PBXSourcesBuildPhase section */

/* Begin PBXTargetDependency section */
		52D6D9891BEFF229002C0205 /* PBXTargetDependency */ = {
			isa = PBXTargetDependency;
			target = 52D6D97B1BEFF229002C0205 /* ParkKit-iOS */;
			targetProxy = 52D6D9881BEFF229002C0205 /* PBXContainerItemProxy */;
		};
		DD7502811C68FCFC006590AF /* PBXTargetDependency */ = {
			isa = PBXTargetDependency;
			target = 52D6DA0E1BF000BD002C0205 /* ParkKit-macOS */;
			targetProxy = DD7502801C68FCFC006590AF /* PBXContainerItemProxy */;
		};
		DD7502941C690C7A006590AF /* PBXTargetDependency */ = {
			isa = PBXTargetDependency;
			target = 52D6D9EF1BEFFFBE002C0205 /* ParkKit-tvOS */;
			targetProxy = DD7502931C690C7A006590AF /* PBXContainerItemProxy */;
		};
/* End PBXTargetDependency section */

/* Begin XCBuildConfiguration section */
		52D6D98E1BEFF229002C0205 /* Debug */ = {
			isa = XCBuildConfiguration;
			buildSettings = {
				ALWAYS_SEARCH_USER_PATHS = NO;
				CLANG_CXX_LANGUAGE_STANDARD = "gnu++0x";
				CLANG_CXX_LIBRARY = "libc++";
				CLANG_ENABLE_MODULES = YES;
				CLANG_ENABLE_OBJC_ARC = YES;
				CLANG_WARN_BOOL_CONVERSION = YES;
				CLANG_WARN_CONSTANT_CONVERSION = YES;
				CLANG_WARN_DIRECT_OBJC_ISA_USAGE = YES_ERROR;
				CLANG_WARN_EMPTY_BODY = YES;
				CLANG_WARN_ENUM_CONVERSION = YES;
				CLANG_WARN_INFINITE_RECURSION = YES;
				CLANG_WARN_INT_CONVERSION = YES;
				CLANG_WARN_OBJC_ROOT_CLASS = YES_ERROR;
				CLANG_WARN_SUSPICIOUS_MOVE = YES;
				CLANG_WARN_UNREACHABLE_CODE = YES;
				CLANG_WARN__DUPLICATE_METHOD_MATCH = YES;
				"CODE_SIGN_IDENTITY[sdk=iphoneos*]" = "iPhone Developer";
				COPY_PHASE_STRIP = NO;
				CURRENT_PROJECT_VERSION = 1;
				DEBUG_INFORMATION_FORMAT = dwarf;
				ENABLE_STRICT_OBJC_MSGSEND = YES;
				ENABLE_TESTABILITY = YES;
				GCC_C_LANGUAGE_STANDARD = gnu99;
				GCC_DYNAMIC_NO_PIC = NO;
				GCC_NO_COMMON_BLOCKS = YES;
				GCC_OPTIMIZATION_LEVEL = 0;
				GCC_PREPROCESSOR_DEFINITIONS = (
					"DEBUG=1",
					"$(inherited)",
				);
				GCC_WARN_64_TO_32_BIT_CONVERSION = YES;
				GCC_WARN_ABOUT_RETURN_TYPE = YES_ERROR;
				GCC_WARN_UNDECLARED_SELECTOR = YES;
				GCC_WARN_UNINITIALIZED_AUTOS = YES_AGGRESSIVE;
				GCC_WARN_UNUSED_FUNCTION = YES;
				GCC_WARN_UNUSED_VARIABLE = YES;
				IPHONEOS_DEPLOYMENT_TARGET = 8.0;
				MTL_ENABLE_DEBUG_INFO = YES;
				ONLY_ACTIVE_ARCH = YES;
				SDKROOT = iphoneos;
				SWIFT_OPTIMIZATION_LEVEL = "-Onone";
				SWIFT_VERSION = 3.0;
				TARGETED_DEVICE_FAMILY = "1,2";
				VERSIONING_SYSTEM = "apple-generic";
				VERSION_INFO_PREFIX = "";
			};
			name = Debug;
		};
		52D6D98F1BEFF229002C0205 /* Release */ = {
			isa = XCBuildConfiguration;
			buildSettings = {
				ALWAYS_SEARCH_USER_PATHS = NO;
				CLANG_CXX_LANGUAGE_STANDARD = "gnu++0x";
				CLANG_CXX_LIBRARY = "libc++";
				CLANG_ENABLE_MODULES = YES;
				CLANG_ENABLE_OBJC_ARC = YES;
				CLANG_WARN_BOOL_CONVERSION = YES;
				CLANG_WARN_CONSTANT_CONVERSION = YES;
				CLANG_WARN_DIRECT_OBJC_ISA_USAGE = YES_ERROR;
				CLANG_WARN_EMPTY_BODY = YES;
				CLANG_WARN_ENUM_CONVERSION = YES;
				CLANG_WARN_INFINITE_RECURSION = YES;
				CLANG_WARN_INT_CONVERSION = YES;
				CLANG_WARN_OBJC_ROOT_CLASS = YES_ERROR;
				CLANG_WARN_SUSPICIOUS_MOVE = YES;
				CLANG_WARN_UNREACHABLE_CODE = YES;
				CLANG_WARN__DUPLICATE_METHOD_MATCH = YES;
				"CODE_SIGN_IDENTITY[sdk=iphoneos*]" = "iPhone Developer";
				COPY_PHASE_STRIP = NO;
				CURRENT_PROJECT_VERSION = 1;
				DEBUG_INFORMATION_FORMAT = "dwarf-with-dsym";
				ENABLE_NS_ASSERTIONS = NO;
				ENABLE_STRICT_OBJC_MSGSEND = YES;
				GCC_C_LANGUAGE_STANDARD = gnu99;
				GCC_NO_COMMON_BLOCKS = YES;
				GCC_WARN_64_TO_32_BIT_CONVERSION = YES;
				GCC_WARN_ABOUT_RETURN_TYPE = YES_ERROR;
				GCC_WARN_UNDECLARED_SELECTOR = YES;
				GCC_WARN_UNINITIALIZED_AUTOS = YES_AGGRESSIVE;
				GCC_WARN_UNUSED_FUNCTION = YES;
				GCC_WARN_UNUSED_VARIABLE = YES;
				IPHONEOS_DEPLOYMENT_TARGET = 8.0;
				MTL_ENABLE_DEBUG_INFO = NO;
				SDKROOT = iphoneos;
				SWIFT_VERSION = 3.0;
				TARGETED_DEVICE_FAMILY = "1,2";
				VALIDATE_PRODUCT = YES;
				VERSIONING_SYSTEM = "apple-generic";
				VERSION_INFO_PREFIX = "";
			};
			name = Release;
		};
		52D6D9911BEFF229002C0205 /* Debug */ = {
			isa = XCBuildConfiguration;
			baseConfigurationReference = 363EE52AC1AE452F072ECD47 /* Pods-ParkKit-iOS.debug.xcconfig */;
			buildSettings = {
				APPLICATION_EXTENSION_API_ONLY = YES;
				CLANG_ENABLE_MODULES = YES;
				"CODE_SIGN_IDENTITY[sdk=iphoneos*]" = "";
				DEFINES_MODULE = YES;
				DYLIB_COMPATIBILITY_VERSION = 1;
				DYLIB_CURRENT_VERSION = 1;
				DYLIB_INSTALL_NAME_BASE = "@rpath";
				INFOPLIST_FILE = Configs/ParkKit.plist;
				INSTALL_PATH = "$(LOCAL_LIBRARY_DIR)/Frameworks";
				IPHONEOS_DEPLOYMENT_TARGET = 8.0;
				LD_RUNPATH_SEARCH_PATHS = "$(inherited) @executable_path/Frameworks @loader_path/Frameworks";
				ONLY_ACTIVE_ARCH = NO;
				PRODUCT_BUNDLE_IDENTIFIER = "com.ParkKit.ParkKit-iOS";
				PRODUCT_NAME = ParkKit;
				SKIP_INSTALL = YES;
				SWIFT_OPTIMIZATION_LEVEL = "-Onone";
				SWIFT_VERSION = 3.0;
			};
			name = Debug;
		};
		52D6D9921BEFF229002C0205 /* Release */ = {
			isa = XCBuildConfiguration;
			baseConfigurationReference = AA38E08F8CCE84D0A296A3A3 /* Pods-ParkKit-iOS.release.xcconfig */;
			buildSettings = {
				APPLICATION_EXTENSION_API_ONLY = YES;
				CLANG_ENABLE_MODULES = YES;
				"CODE_SIGN_IDENTITY[sdk=iphoneos*]" = "";
				DEFINES_MODULE = YES;
				DYLIB_COMPATIBILITY_VERSION = 1;
				DYLIB_CURRENT_VERSION = 1;
				DYLIB_INSTALL_NAME_BASE = "@rpath";
				INFOPLIST_FILE = Configs/ParkKit.plist;
				INSTALL_PATH = "$(LOCAL_LIBRARY_DIR)/Frameworks";
				IPHONEOS_DEPLOYMENT_TARGET = 8.0;
				LD_RUNPATH_SEARCH_PATHS = "$(inherited) @executable_path/Frameworks @loader_path/Frameworks";
				PRODUCT_BUNDLE_IDENTIFIER = "com.ParkKit.ParkKit-iOS";
				PRODUCT_NAME = ParkKit;
				SKIP_INSTALL = YES;
				SWIFT_OPTIMIZATION_LEVEL = "-Owholemodule";
				SWIFT_VERSION = 3.0;
			};
			name = Release;
		};
		52D6D9941BEFF229002C0205 /* Debug */ = {
			isa = XCBuildConfiguration;
			baseConfigurationReference = 4632EA33E347EB709B9F534E /* Pods-ParkKit-iOS Tests.debug.xcconfig */;
			buildSettings = {
				CLANG_ENABLE_MODULES = YES;
				INFOPLIST_FILE = Configs/ParkKitTests.plist;
				LD_RUNPATH_SEARCH_PATHS = "$(inherited) @executable_path/Frameworks @loader_path/Frameworks";
				PRODUCT_BUNDLE_IDENTIFIER = "com.ParkKit.ParkKit-iOS-Tests";
				PRODUCT_NAME = "$(TARGET_NAME)";
				SWIFT_OPTIMIZATION_LEVEL = "-Onone";
				SWIFT_VERSION = 3.0;
			};
			name = Debug;
		};
		52D6D9951BEFF229002C0205 /* Release */ = {
			isa = XCBuildConfiguration;
			baseConfigurationReference = 3786F67AD8EA1DE365001493 /* Pods-ParkKit-iOS Tests.release.xcconfig */;
			buildSettings = {
				CLANG_ENABLE_MODULES = YES;
				INFOPLIST_FILE = Configs/ParkKitTests.plist;
				LD_RUNPATH_SEARCH_PATHS = "$(inherited) @executable_path/Frameworks @loader_path/Frameworks";
				PRODUCT_BUNDLE_IDENTIFIER = "com.ParkKit.ParkKit-iOS-Tests";
				PRODUCT_NAME = "$(TARGET_NAME)";
				SWIFT_OPTIMIZATION_LEVEL = "-Owholemodule";
				SWIFT_VERSION = 3.0;
			};
			name = Release;
		};
		52D6D9E81BEFFF6E002C0205 /* Debug */ = {
			isa = XCBuildConfiguration;
			baseConfigurationReference = 12FD070FFDA55F466503BBF7 /* Pods-ParkKit-watchOS.debug.xcconfig */;
			buildSettings = {
				APPLICATION_EXTENSION_API_ONLY = YES;
				"CODE_SIGN_IDENTITY[sdk=watchos*]" = "";
				DEFINES_MODULE = YES;
				DYLIB_COMPATIBILITY_VERSION = 1;
				DYLIB_CURRENT_VERSION = 1;
				DYLIB_INSTALL_NAME_BASE = "@rpath";
				INFOPLIST_FILE = Configs/ParkKit.plist;
				INSTALL_PATH = "$(LOCAL_LIBRARY_DIR)/Frameworks";
				LD_RUNPATH_SEARCH_PATHS = "$(inherited) @executable_path/Frameworks @loader_path/Frameworks";
				PRODUCT_BUNDLE_IDENTIFIER = "com.ParkKit.ParkKit-watchOS";
				PRODUCT_NAME = ParkKit;
				SDKROOT = watchos;
				SKIP_INSTALL = YES;
				SWIFT_VERSION = 3.0;
				TARGETED_DEVICE_FAMILY = 4;
				WATCHOS_DEPLOYMENT_TARGET = 2.0;
			};
			name = Debug;
		};
		52D6D9E91BEFFF6E002C0205 /* Release */ = {
			isa = XCBuildConfiguration;
			baseConfigurationReference = AE447F2029FBED12EDBBA91E /* Pods-ParkKit-watchOS.release.xcconfig */;
			buildSettings = {
				APPLICATION_EXTENSION_API_ONLY = YES;
				"CODE_SIGN_IDENTITY[sdk=watchos*]" = "";
				DEFINES_MODULE = YES;
				DYLIB_COMPATIBILITY_VERSION = 1;
				DYLIB_CURRENT_VERSION = 1;
				DYLIB_INSTALL_NAME_BASE = "@rpath";
				INFOPLIST_FILE = Configs/ParkKit.plist;
				INSTALL_PATH = "$(LOCAL_LIBRARY_DIR)/Frameworks";
				LD_RUNPATH_SEARCH_PATHS = "$(inherited) @executable_path/Frameworks @loader_path/Frameworks";
				PRODUCT_BUNDLE_IDENTIFIER = "com.ParkKit.ParkKit-watchOS";
				PRODUCT_NAME = ParkKit;
				SDKROOT = watchos;
				SKIP_INSTALL = YES;
				SWIFT_OPTIMIZATION_LEVEL = "-Owholemodule";
				SWIFT_VERSION = 3.0;
				TARGETED_DEVICE_FAMILY = 4;
				WATCHOS_DEPLOYMENT_TARGET = 2.0;
			};
			name = Release;
		};
		52D6DA021BEFFFBE002C0205 /* Debug */ = {
			isa = XCBuildConfiguration;
			baseConfigurationReference = E76E9C8AF772C0CFDE8D946C /* Pods-ParkKit-tvOS.debug.xcconfig */;
			buildSettings = {
				APPLICATION_EXTENSION_API_ONLY = YES;
				"CODE_SIGN_IDENTITY[sdk=appletvos*]" = "";
				DEFINES_MODULE = YES;
				DYLIB_COMPATIBILITY_VERSION = 1;
				DYLIB_CURRENT_VERSION = 1;
				DYLIB_INSTALL_NAME_BASE = "@rpath";
				INFOPLIST_FILE = Configs/ParkKit.plist;
				INSTALL_PATH = "$(LOCAL_LIBRARY_DIR)/Frameworks";
				LD_RUNPATH_SEARCH_PATHS = "$(inherited) @executable_path/Frameworks @loader_path/Frameworks";
				PRODUCT_BUNDLE_IDENTIFIER = "com.ParkKit.ParkKit-tvOS";
				PRODUCT_NAME = ParkKit;
				SDKROOT = appletvos;
				SKIP_INSTALL = YES;
				SWIFT_VERSION = 3.0;
				TARGETED_DEVICE_FAMILY = 3;
				TVOS_DEPLOYMENT_TARGET = 9.0;
			};
			name = Debug;
		};
		52D6DA031BEFFFBE002C0205 /* Release */ = {
			isa = XCBuildConfiguration;
			baseConfigurationReference = 5F037450391BA9D520889090 /* Pods-ParkKit-tvOS.release.xcconfig */;
			buildSettings = {
				APPLICATION_EXTENSION_API_ONLY = YES;
				"CODE_SIGN_IDENTITY[sdk=appletvos*]" = "";
				DEFINES_MODULE = YES;
				DYLIB_COMPATIBILITY_VERSION = 1;
				DYLIB_CURRENT_VERSION = 1;
				DYLIB_INSTALL_NAME_BASE = "@rpath";
				INFOPLIST_FILE = Configs/ParkKit.plist;
				INSTALL_PATH = "$(LOCAL_LIBRARY_DIR)/Frameworks";
				LD_RUNPATH_SEARCH_PATHS = "$(inherited) @executable_path/Frameworks @loader_path/Frameworks";
				PRODUCT_BUNDLE_IDENTIFIER = "com.ParkKit.ParkKit-tvOS";
				PRODUCT_NAME = ParkKit;
				SDKROOT = appletvos;
				SKIP_INSTALL = YES;
				SWIFT_OPTIMIZATION_LEVEL = "-Owholemodule";
				SWIFT_VERSION = 3.0;
				TARGETED_DEVICE_FAMILY = 3;
				TVOS_DEPLOYMENT_TARGET = 9.0;
			};
			name = Release;
		};
		52D6DA211BF000BD002C0205 /* Debug */ = {
			isa = XCBuildConfiguration;
			baseConfigurationReference = 0DEEF804FE9CE41E53A76CFC /* Pods-ParkKit-macOS.debug.xcconfig */;
			buildSettings = {
				APPLICATION_EXTENSION_API_ONLY = YES;
				CODE_SIGN_IDENTITY = "-";
				COMBINE_HIDPI_IMAGES = YES;
				DEFINES_MODULE = YES;
				DYLIB_COMPATIBILITY_VERSION = 1;
				DYLIB_CURRENT_VERSION = 1;
				DYLIB_INSTALL_NAME_BASE = "@rpath";
				FRAMEWORK_VERSION = A;
				INFOPLIST_FILE = Configs/ParkKit.plist;
				INSTALL_PATH = "$(LOCAL_LIBRARY_DIR)/Frameworks";
				LD_RUNPATH_SEARCH_PATHS = "$(inherited) @executable_path/../Frameworks @loader_path/Frameworks";
				MACOSX_DEPLOYMENT_TARGET = 10.10;
				PRODUCT_BUNDLE_IDENTIFIER = "com.ParkKit.ParkKit-macOS";
				PRODUCT_NAME = ParkKit;
				SDKROOT = macosx;
				SKIP_INSTALL = YES;
				SWIFT_VERSION = 3.0;
			};
			name = Debug;
		};
		52D6DA221BF000BD002C0205 /* Release */ = {
			isa = XCBuildConfiguration;
			baseConfigurationReference = 826E452924E68CBE54409058 /* Pods-ParkKit-macOS.release.xcconfig */;
			buildSettings = {
				APPLICATION_EXTENSION_API_ONLY = YES;
				CODE_SIGN_IDENTITY = "-";
				COMBINE_HIDPI_IMAGES = YES;
				DEFINES_MODULE = YES;
				DYLIB_COMPATIBILITY_VERSION = 1;
				DYLIB_CURRENT_VERSION = 1;
				DYLIB_INSTALL_NAME_BASE = "@rpath";
				FRAMEWORK_VERSION = A;
				INFOPLIST_FILE = Configs/ParkKit.plist;
				INSTALL_PATH = "$(LOCAL_LIBRARY_DIR)/Frameworks";
				LD_RUNPATH_SEARCH_PATHS = "$(inherited) @executable_path/../Frameworks @loader_path/Frameworks";
				MACOSX_DEPLOYMENT_TARGET = 10.10;
				PRODUCT_BUNDLE_IDENTIFIER = "com.ParkKit.ParkKit-macOS";
				PRODUCT_NAME = ParkKit;
				SDKROOT = macosx;
				SKIP_INSTALL = YES;
				SWIFT_OPTIMIZATION_LEVEL = "-Owholemodule";
				SWIFT_VERSION = 3.0;
			};
			name = Release;
		};
		DD7502831C68FCFC006590AF /* Debug */ = {
			isa = XCBuildConfiguration;
			baseConfigurationReference = 7DD56B198B18D45F52ECA34C /* Pods-ParkKit-macOS Tests.debug.xcconfig */;
			buildSettings = {
				CODE_SIGN_IDENTITY = "-";
				COMBINE_HIDPI_IMAGES = YES;
				INFOPLIST_FILE = Configs/ParkKitTests.plist;
				LD_RUNPATH_SEARCH_PATHS = "$(inherited) @executable_path/../Frameworks @loader_path/../Frameworks";
				MACOSX_DEPLOYMENT_TARGET = 10.11;
				PRODUCT_BUNDLE_IDENTIFIER = "com.ParkKit.ParkKit-macOS-Tests";
				PRODUCT_NAME = "$(TARGET_NAME)";
				SDKROOT = macosx;
				SWIFT_VERSION = 3.0;
			};
			name = Debug;
		};
		DD7502841C68FCFC006590AF /* Release */ = {
			isa = XCBuildConfiguration;
			baseConfigurationReference = A7B96A78C485D7E7DE525EA6 /* Pods-ParkKit-macOS Tests.release.xcconfig */;
			buildSettings = {
				CODE_SIGN_IDENTITY = "-";
				COMBINE_HIDPI_IMAGES = YES;
				INFOPLIST_FILE = Configs/ParkKitTests.plist;
				LD_RUNPATH_SEARCH_PATHS = "$(inherited) @executable_path/../Frameworks @loader_path/../Frameworks";
				MACOSX_DEPLOYMENT_TARGET = 10.11;
				PRODUCT_BUNDLE_IDENTIFIER = "com.ParkKit.ParkKit-macOS-Tests";
				PRODUCT_NAME = "$(TARGET_NAME)";
				SDKROOT = macosx;
				SWIFT_OPTIMIZATION_LEVEL = "-Owholemodule";
				SWIFT_VERSION = 3.0;
			};
			name = Release;
		};
		DD7502961C690C7A006590AF /* Debug */ = {
			isa = XCBuildConfiguration;
			baseConfigurationReference = 40AF57F0B58FD1D794ADAB8D /* Pods-ParkKit-tvOS Tests.debug.xcconfig */;
			buildSettings = {
				INFOPLIST_FILE = Configs/ParkKitTests.plist;
				LD_RUNPATH_SEARCH_PATHS = "$(inherited) @executable_path/Frameworks @loader_path/Frameworks";
				PRODUCT_BUNDLE_IDENTIFIER = "com.ParkKit.ParkKit-tvOS-Tests";
				PRODUCT_NAME = "$(TARGET_NAME)";
				SDKROOT = appletvos;
				SWIFT_VERSION = 3.0;
				TVOS_DEPLOYMENT_TARGET = 9.1;
			};
			name = Debug;
		};
		DD7502971C690C7A006590AF /* Release */ = {
			isa = XCBuildConfiguration;
			baseConfigurationReference = 36B07DD28CD54AF9919DB2A8 /* Pods-ParkKit-tvOS Tests.release.xcconfig */;
			buildSettings = {
				INFOPLIST_FILE = Configs/ParkKitTests.plist;
				LD_RUNPATH_SEARCH_PATHS = "$(inherited) @executable_path/Frameworks @loader_path/Frameworks";
				PRODUCT_BUNDLE_IDENTIFIER = "com.ParkKit.ParkKit-tvOS-Tests";
				PRODUCT_NAME = "$(TARGET_NAME)";
				SDKROOT = appletvos;
				SWIFT_OPTIMIZATION_LEVEL = "-Owholemodule";
				SWIFT_VERSION = 3.0;
				TVOS_DEPLOYMENT_TARGET = 9.1;
			};
			name = Release;
		};
/* End XCBuildConfiguration section */

/* Begin XCConfigurationList section */
		52D6D9761BEFF229002C0205 /* Build configuration list for PBXProject "ParkKit" */ = {
			isa = XCConfigurationList;
			buildConfigurations = (
				52D6D98E1BEFF229002C0205 /* Debug */,
				52D6D98F1BEFF229002C0205 /* Release */,
			);
			defaultConfigurationIsVisible = 0;
			defaultConfigurationName = Release;
		};
		52D6D9901BEFF229002C0205 /* Build configuration list for PBXNativeTarget "ParkKit-iOS" */ = {
			isa = XCConfigurationList;
			buildConfigurations = (
				52D6D9911BEFF229002C0205 /* Debug */,
				52D6D9921BEFF229002C0205 /* Release */,
			);
			defaultConfigurationIsVisible = 0;
			defaultConfigurationName = Release;
		};
		52D6D9931BEFF229002C0205 /* Build configuration list for PBXNativeTarget "ParkKit-iOS Tests" */ = {
			isa = XCConfigurationList;
			buildConfigurations = (
				52D6D9941BEFF229002C0205 /* Debug */,
				52D6D9951BEFF229002C0205 /* Release */,
			);
			defaultConfigurationIsVisible = 0;
			defaultConfigurationName = Release;
		};
		52D6D9E71BEFFF6E002C0205 /* Build configuration list for PBXNativeTarget "ParkKit-watchOS" */ = {
			isa = XCConfigurationList;
			buildConfigurations = (
				52D6D9E81BEFFF6E002C0205 /* Debug */,
				52D6D9E91BEFFF6E002C0205 /* Release */,
			);
			defaultConfigurationIsVisible = 0;
			defaultConfigurationName = Release;
		};
		52D6DA011BEFFFBE002C0205 /* Build configuration list for PBXNativeTarget "ParkKit-tvOS" */ = {
			isa = XCConfigurationList;
			buildConfigurations = (
				52D6DA021BEFFFBE002C0205 /* Debug */,
				52D6DA031BEFFFBE002C0205 /* Release */,
			);
			defaultConfigurationIsVisible = 0;
			defaultConfigurationName = Release;
		};
		52D6DA201BF000BD002C0205 /* Build configuration list for PBXNativeTarget "ParkKit-macOS" */ = {
			isa = XCConfigurationList;
			buildConfigurations = (
				52D6DA211BF000BD002C0205 /* Debug */,
				52D6DA221BF000BD002C0205 /* Release */,
			);
			defaultConfigurationIsVisible = 0;
			defaultConfigurationName = Release;
		};
		DD7502821C68FCFC006590AF /* Build configuration list for PBXNativeTarget "ParkKit-macOS Tests" */ = {
			isa = XCConfigurationList;
			buildConfigurations = (
				DD7502831C68FCFC006590AF /* Debug */,
				DD7502841C68FCFC006590AF /* Release */,
			);
			defaultConfigurationIsVisible = 0;
			defaultConfigurationName = Release;
		};
		DD7502951C690C7A006590AF /* Build configuration list for PBXNativeTarget "ParkKit-tvOS Tests" */ = {
			isa = XCConfigurationList;
			buildConfigurations = (
				DD7502961C690C7A006590AF /* Debug */,
				DD7502971C690C7A006590AF /* Release */,
			);
			defaultConfigurationIsVisible = 0;
			defaultConfigurationName = Release;
		};
/* End XCConfigurationList section */
	};
	rootObject = 52D6D9731BEFF229002C0205 /* Project object */;
}
